
Microsoft Visual Studio Solution File, Format Version 12.00
# Visual Studio Version 16
VisualStudioVersion = 16.0.29609.76
MinimumVisualStudioVersion = 10.0.40219.1
Project("{9A19103F-16F7-4668-BE54-9A1E7A4F7556}") = "LiteDB.WebAssembly", "LiteDB.WebAssembly\LiteDB.WebAssembly.csproj", "{C48593A1-5062-4F92-BD06-00760D894F44}"
EndProject
Project("{9A19103F-16F7-4668-BE54-9A1E7A4F7556}") = "LiteDB.Demo", "LiteDB.Demo\LiteDB.Demo.csproj", "{7430D5FB-9994-4502-8B78-484796DE2E24}"
EndProject
Project("{9A19103F-16F7-4668-BE54-9A1E7A4F7556}") = "ConsoleApp", "ConsoleApp\ConsoleApp.csproj", "{30F91931-BB78-4DC8-B7D0-C615D1C8A45E}"
EndProject
Project("{FAE04EC0-301F-11D3-BF4B-00C04F79EFBC}") = "LiteDB.Blazor", "LiteDB.Blazor\LiteDB.Blazor.csproj", "{18BCAB7D-4FB8-4404-A4B0-4BB41556EC13}"
EndProject
Project("{FAE04EC0-301F-11D3-BF4B-00C04F79EFBC}") = "LiteDB.WebAssembly.Blazor", "LiteDB.WebAssembly.Blazor\LiteDB.WebAssembly.Blazor.csproj", "{0DA6BC8C-E6A1-49C4-9317-523FEFBC3D6C}"
EndProject
Project("{FAE04EC0-301F-11D3-BF4B-00C04F79EFBC}") = "LiteDB.WebAssembly.Blazor.Tests", "LiteDB.WebAssembly.Blazor.Tests\LiteDB.WebAssembly.Blazor.Tests.csproj", "{B87261E6-F00E-4DE6-A704-FF1A93F669F2}"
EndProject
Global
	GlobalSection(SolutionConfigurationPlatforms) = preSolution
		Debug|Any CPU = Debug|Any CPU
		Release|Any CPU = Release|Any CPU
	EndGlobalSection
	GlobalSection(ProjectConfigurationPlatforms) = postSolution
		{C48593A1-5062-4F92-BD06-00760D894F44}.Debug|Any CPU.ActiveCfg = Debug|Any CPU
		{C48593A1-5062-4F92-BD06-00760D894F44}.Debug|Any CPU.Build.0 = Debug|Any CPU
		{C48593A1-5062-4F92-BD06-00760D894F44}.Release|Any CPU.ActiveCfg = Release|Any CPU
		{C48593A1-5062-4F92-BD06-00760D894F44}.Release|Any CPU.Build.0 = Release|Any CPU
		{7430D5FB-9994-4502-8B78-484796DE2E24}.Debug|Any CPU.ActiveCfg = Debug|Any CPU
		{7430D5FB-9994-4502-8B78-484796DE2E24}.Debug|Any CPU.Build.0 = Debug|Any CPU
		{7430D5FB-9994-4502-8B78-484796DE2E24}.Release|Any CPU.ActiveCfg = Release|Any CPU
		{7430D5FB-9994-4502-8B78-484796DE2E24}.Release|Any CPU.Build.0 = Release|Any CPU
		{30F91931-BB78-4DC8-B7D0-C615D1C8A45E}.Debug|Any CPU.ActiveCfg = Debug|Any CPU
		{30F91931-BB78-4DC8-B7D0-C615D1C8A45E}.Debug|Any CPU.Build.0 = Debug|Any CPU
		{30F91931-BB78-4DC8-B7D0-C615D1C8A45E}.Release|Any CPU.ActiveCfg = Release|Any CPU
		{30F91931-BB78-4DC8-B7D0-C615D1C8A45E}.Release|Any CPU.Build.0 = Release|Any CPU
		{18BCAB7D-4FB8-4404-A4B0-4BB41556EC13}.Debug|Any CPU.ActiveCfg = Debug|Any CPU
		{18BCAB7D-4FB8-4404-A4B0-4BB41556EC13}.Debug|Any CPU.Build.0 = Debug|Any CPU
		{18BCAB7D-4FB8-4404-A4B0-4BB41556EC13}.Release|Any CPU.ActiveCfg = Release|Any CPU
		{18BCAB7D-4FB8-4404-A4B0-4BB41556EC13}.Release|Any CPU.Build.0 = Release|Any CPU
		{0DA6BC8C-E6A1-49C4-9317-523FEFBC3D6C}.Debug|Any CPU.ActiveCfg = Debug|Any CPU
		{0DA6BC8C-E6A1-49C4-9317-523FEFBC3D6C}.Debug|Any CPU.Build.0 = Debug|Any CPU
		{0DA6BC8C-E6A1-49C4-9317-523FEFBC3D6C}.Release|Any CPU.ActiveCfg = Release|Any CPU
		{0DA6BC8C-E6A1-49C4-9317-523FEFBC3D6C}.Release|Any CPU.Build.0 = Release|Any CPU
		{B87261E6-F00E-4DE6-A704-FF1A93F669F2}.Debug|Any CPU.ActiveCfg = Debug|Any CPU
		{B87261E6-F00E-4DE6-A704-FF1A93F669F2}.Debug|Any CPU.Build.0 = Debug|Any CPU
		{B87261E6-F00E-4DE6-A704-FF1A93F669F2}.Release|Any CPU.ActiveCfg = Release|Any CPU
		{B87261E6-F00E-4DE6-A704-FF1A93F669F2}.Release|Any CPU.Build.0 = Release|Any CPU
	EndGlobalSection
	GlobalSection(SolutionProperties) = preSolution
		HideSolutionNode = FALSE
	EndGlobalSection
	GlobalSection(ExtensibilityGlobals) = postSolution
		SolutionGuid = {45099B85-2AE1-434B-913A-6AD14FD3AF4A}
	EndGlobalSection
	GlobalSection(Performance) = preSolution
		HasPerformanceSessions = true
	EndGlobalSection
EndGlobal
